
Microsoft Visual Studio Solution File, Format Version 12.00
# Visual Studio Version 17
VisualStudioVersion = 17.0.32112.339
MinimumVisualStudioVersion = 10.0.40219.1
Project("{9A19103F-16F7-4668-BE54-9A1E7A4F7556}") = "MinimalAPIDemo", "MinimalAPIDemo\MinimalAPIDemo.csproj", "{ED78BF2B-22B0-46AC-B84D-B2198C817C2F}"
EndProject
Project("{00D1A9C2-B5F0-4AF3-8072-F6C62B433612}") = "UserDB", "UserDB\UserDB.sqlproj", "{AABADC25-8938-40BD-A8A8-6BF39D99A328}"
EndProject
Project("{FAE04EC0-301F-11D3-BF4B-00C04F79EFBC}") = "DataAccess", "DataAccess\DataAccess.csproj", "{C52CC4EB-106D-43F1-A190-ACAD162C78A1}"
EndProject
Project("{2150E333-8FDC-42A3-9474-1A3956D46DE8}") = "Solution Items", "Solution Items", "{986E3B0B-845D-4F92-95DC-BC3ADBCA6F12}"
	ProjectSection(SolutionItems) = preProject
		.editorconfig = .editorconfig
	EndProjectSection
EndProject
Global
	GlobalSection(SolutionConfigurationPlatforms) = preSolution
		Debug|Any CPU = Debug|Any CPU
		Release|Any CPU = Release|Any CPU
	EndGlobalSection
	GlobalSection(ProjectConfigurationPlatforms) = postSolution
		{ED78BF2B-22B0-46AC-B84D-B2198C817C2F}.Debug|Any CPU.ActiveCfg = Debug|Any CPU
		{ED78BF2B-22B0-46AC-B84D-B2198C817C2F}.Debug|Any CPU.Build.0 = Debug|Any CPU
		{ED78BF2B-22B0-46AC-B84D-B2198C817C2F}.Release|Any CPU.ActiveCfg = Release|Any CPU
		{ED78BF2B-22B0-46AC-B84D-B2198C817C2F}.Release|Any CPU.Build.0 = Release|Any CPU
		{AABADC25-8938-40BD-A8A8-6BF39D99A328}.Debug|Any CPU.ActiveCfg = Debug|Any CPU
		{AABADC25-8938-40BD-A8A8-6BF39D99A328}.Debug|Any CPU.Build.0 = Debug|Any CPU
		{AABADC25-8938-40BD-A8A8-6BF39D99A328}.Debug|Any CPU.Deploy.0 = Debug|Any CPU
		{AABADC25-8938-40BD-A8A8-6BF39D99A328}.Release|Any CPU.ActiveCfg = Release|Any CPU
		{AABADC25-8938-40BD-A8A8-6BF39D99A328}.Release|Any CPU.Build.0 = Release|Any CPU
		{AABADC25-8938-40BD-A8A8-6BF39D99A328}.Release|Any CPU.Deploy.0 = Release|Any CPU
		{C52CC4EB-106D-43F1-A190-ACAD162C78A1}.Debug|Any CPU.ActiveCfg = Debug|Any CPU
		{C52CC4EB-106D-43F1-A190-ACAD162C78A1}.Debug|Any CPU.Build.0 = Debug|Any CPU
		{C52CC4EB-106D-43F1-A190-ACAD162C78A1}.Release|Any CPU.ActiveCfg = Release|Any CPU
		{C52CC4EB-106D-43F1-A190-ACAD162C78A1}.Release|Any CPU.Build.0 = Release|Any CPU
	EndGlobalSection
	GlobalSection(SolutionProperties) = preSolution
		HideSolutionNode = FALSE
	EndGlobalSection
	GlobalSection(ExtensibilityGlobals) = postSolution
		SolutionGuid = {20F36472-9559-473B-97FD-FE642DB822BB}
	EndGlobalSection
EndGlobal
